
Microsoft Visual Studio Solution File, Format Version 12.00
# Visual Studio Version 16
VisualStudioVersion = 16.0.29306.81
MinimumVisualStudioVersion = 10.0.40219.1
Project("{9A19103F-16F7-4668-BE54-9A1E7A4F7556}") = "splaylist", "Splaylist.Wasm\splaylist.csproj", "{8656BEAD-0E57-417F-8C60-F71A11651B70}"
EndProject
Global
	GlobalSection(SolutionConfigurationPlatforms) = preSolution
		Debug|Any CPU = Debug|Any CPU
		Release|Any CPU = Release|Any CPU
	EndGlobalSection
	GlobalSection(ProjectConfigurationPlatforms) = postSolution
		{8656BEAD-0E57-417F-8C60-F71A11651B70}.Debug|Any CPU.ActiveCfg = Debug|Any CPU
		{8656BEAD-0E57-417F-8C60-F71A11651B70}.Debug|Any CPU.Build.0 = Debug|Any CPU
		{8656BEAD-0E57-417F-8C60-F71A11651B70}.Release|Any CPU.ActiveCfg = Release|Any CPU
		{8656BEAD-0E57-417F-8C60-F71A11651B70}.Release|Any CPU.Build.0 = Release|Any CPU
	EndGlobalSection
	GlobalSection(SolutionProperties) = preSolution
		HideSolutionNode = FALSE
	EndGlobalSection
	GlobalSection(ExtensibilityGlobals) = postSolution
		SolutionGuid = {94A6914C-5DA9-4E5F-97CB-9261F798C4BC}
	EndGlobalSection
EndGlobal
